
Microsoft Visual Studio Solution File, Format Version 12.00
# Visual Studio Version 17
VisualStudioVersion = 17.8.34322.80
MinimumVisualStudioVersion = 10.0.40219.1
Project("{2150E333-8FDC-42A3-9474-1A3956D46DE8}") = "Domain", "Domain", "{A69A1539-D6ED-4691-B5BD-77EFE96DF98D}"
EndProject
Project("{2150E333-8FDC-42A3-9474-1A3956D46DE8}") = "Microservices", "Microservices", "{4742B187-6C72-428F-AC43-136A0AF40938}"
EndProject
Project("{2150E333-8FDC-42A3-9474-1A3956D46DE8}") = "Infra.Bus", "Infra.Bus", "{4331F487-1D6A-44B7-B12A-07AD985904E5}"
EndProject
Project("{2150E333-8FDC-42A3-9474-1A3956D46DE8}") = "Infra.Ioc", "Infra.Ioc", "{F5332FAA-B311-40C3-877E-C7F5758C70FC}"
EndProject
Project("{2150E333-8FDC-42A3-9474-1A3956D46DE8}") = "Presentation", "Presentation", "{8F2C8F4E-2314-43F4-85BC-4F16155D1041}"
EndProject
Project("{9A19103F-16F7-4668-BE54-9A1E7A4F7556}") = "MicroRabbit.Domain.Core", "MicroRabbit.Domain.Core\MicroRabbit.Domain.Core.csproj", "{454EEEDA-7688-49AE-8938-2652BA729E8C}"
EndProject
Project("{9A19103F-16F7-4668-BE54-9A1E7A4F7556}") = "MicroRabbit.Infra.Bus", "MicroRabbit.Infra.Bus\MicroRabbit.Infra.Bus.csproj", "{D82ADC73-68BF-43F5-98C5-FE6D979514FF}"
EndProject
Project("{9A19103F-16F7-4668-BE54-9A1E7A4F7556}") = "MicroRabbit.Infra.IoC", "MicroRabbit.Infra.IoC\MicroRabbit.Infra.IoC.csproj", "{A4D4168D-177F-4629-83CA-DDFE8CBA04ED}"
EndProject
Project("{2150E333-8FDC-42A3-9474-1A3956D46DE8}") = "Banking", "Banking", "{DECC98A0-8939-4D26-AFF6-4E32BED8B444}"
EndProject
Project("{2150E333-8FDC-42A3-9474-1A3956D46DE8}") = "Api", "Api", "{EF5C9BF6-D33F-4447-AACC-BEABCF368CB7}"
EndProject
Project("{2150E333-8FDC-42A3-9474-1A3956D46DE8}") = "Domain", "Domain", "{ED351C13-B3BC-4EF0-A80D-1A05592FA665}"
EndProject
Project("{2150E333-8FDC-42A3-9474-1A3956D46DE8}") = "Application", "Application", "{5FF9D9CF-B2C4-4CB7-A5D5-8EA257F7D75B}"
EndProject
Project("{2150E333-8FDC-42A3-9474-1A3956D46DE8}") = "Data", "Data", "{6003016A-32D5-4E77-A8A8-BB08328610E3}"
EndProject
Project("{9A19103F-16F7-4668-BE54-9A1E7A4F7556}") = "MicroRabbit.Banking.Api", "MicroRabbit.Banking.Api\MicroRabbit.Banking.Api.csproj", "{ED485F6D-C911-4AD2-B2DE-3FEDF14B134C}"
EndProject
Project("{9A19103F-16F7-4668-BE54-9A1E7A4F7556}") = "MicroRabbit.Banking.Application", "MicroRabbit.Banking.Application\MicroRabbit.Banking.Application.csproj", "{B164BB34-504E-4AA3-9EA8-C306FAD5F878}"
EndProject
Project("{9A19103F-16F7-4668-BE54-9A1E7A4F7556}") = "MicroRabbit.Banking.Data", "MicroRabbit.Banking.Data\MicroRabbit.Banking.Data.csproj", "{3919EC13-17FB-49D1-A561-D4399440E947}"
EndProject
Project("{9A19103F-16F7-4668-BE54-9A1E7A4F7556}") = "MicroRabbit.Banking.Domain", "MicroRabbit.Banking.Domain\MicroRabbit.Banking.Domain.csproj", "{37E7DC37-CAB3-4BB7-BF3A-17AA54623A6C}"
EndProject
Project("{2150E333-8FDC-42A3-9474-1A3956D46DE8}") = "Transfer", "Transfer", "{5882CB9A-4DA5-4B86-BACD-EE32A3ED020F}"
EndProject
Project("{2150E333-8FDC-42A3-9474-1A3956D46DE8}") = "Api", "Api", "{76BC594A-166C-480D-87B7-7D17E4B7E0AB}"
EndProject
Project("{2150E333-8FDC-42A3-9474-1A3956D46DE8}") = "Application", "Application", "{3F4A77D8-4779-4F8E-9552-CB78CA5B2D99}"
EndProject
Project("{2150E333-8FDC-42A3-9474-1A3956D46DE8}") = "Data", "Data", "{D6943ED4-7E5D-463F-82A1-836940E1B661}"
EndProject
Project("{2150E333-8FDC-42A3-9474-1A3956D46DE8}") = "Domain", "Domain", "{E835C9DD-E1B4-4C12-9969-5BA8FB49146B}"
EndProject
Project("{9A19103F-16F7-4668-BE54-9A1E7A4F7556}") = "MicroRabbit.Transfer.Api", "MicroRabbit.Transfer.Api\MicroRabbit.Transfer.Api.csproj", "{730A7E32-9CF2-4086-80BC-093E4B80A840}"
EndProject
Project("{9A19103F-16F7-4668-BE54-9A1E7A4F7556}") = "MicroRabbit.Transfer.Application", "MicroRabbit.Transfer.Application\MicroRabbit.Transfer.Application.csproj", "{ED7FC761-97DB-4F2C-AEA5-50B19986970F}"
EndProject
Project("{9A19103F-16F7-4668-BE54-9A1E7A4F7556}") = "MicroRabbit.Transfer.Data", "MicroRabbit.Transfer.Data\MicroRabbit.Transfer.Data.csproj", "{21DD19F0-6D44-41D6-BA72-8EFFB2280925}"
EndProject
Project("{9A19103F-16F7-4668-BE54-9A1E7A4F7556}") = "MicroRabbit.Transfer.Domain", "MicroRabbit.Transfer.Domain\MicroRabbit.Transfer.Domain.csproj", "{A0673D91-7AE5-4491-8BB4-7DA7107D66F2}"
EndProject
Project("{FAE04EC0-301F-11D3-BF4B-00C04F79EFBC}") = "MicroRabbit.MVC", "MicroRabbit.MVC\MicroRabbit.MVC.csproj", "{B1BF126A-7D57-41DD-802A-FA5C682F319D}"
EndProject
Global
	GlobalSection(SolutionConfigurationPlatforms) = preSolution
		Debug|Any CPU = Debug|Any CPU
		Release|Any CPU = Release|Any CPU
	EndGlobalSection
	GlobalSection(ProjectConfigurationPlatforms) = postSolution
		{454EEEDA-7688-49AE-8938-2652BA729E8C}.Debug|Any CPU.ActiveCfg = Debug|Any CPU
		{454EEEDA-7688-49AE-8938-2652BA729E8C}.Debug|Any CPU.Build.0 = Debug|Any CPU
		{454EEEDA-7688-49AE-8938-2652BA729E8C}.Release|Any CPU.ActiveCfg = Release|Any CPU
		{454EEEDA-7688-49AE-8938-2652BA729E8C}.Release|Any CPU.Build.0 = Release|Any CPU
		{D82ADC73-68BF-43F5-98C5-FE6D979514FF}.Debug|Any CPU.ActiveCfg = Debug|Any CPU
		{D82ADC73-68BF-43F5-98C5-FE6D979514FF}.Debug|Any CPU.Build.0 = Debug|Any CPU
		{D82ADC73-68BF-43F5-98C5-FE6D979514FF}.Release|Any CPU.ActiveCfg = Release|Any CPU
		{D82ADC73-68BF-43F5-98C5-FE6D979514FF}.Release|Any CPU.Build.0 = Release|Any CPU
		{A4D4168D-177F-4629-83CA-DDFE8CBA04ED}.Debug|Any CPU.ActiveCfg = Debug|Any CPU
		{A4D4168D-177F-4629-83CA-DDFE8CBA04ED}.Debug|Any CPU.Build.0 = Debug|Any CPU
		{A4D4168D-177F-4629-83CA-DDFE8CBA04ED}.Release|Any CPU.ActiveCfg = Release|Any CPU
		{A4D4168D-177F-4629-83CA-DDFE8CBA04ED}.Release|Any CPU.Build.0 = Release|Any CPU
		{ED485F6D-C911-4AD2-B2DE-3FEDF14B134C}.Debug|Any CPU.ActiveCfg = Debug|Any CPU
		{ED485F6D-C911-4AD2-B2DE-3FEDF14B134C}.Debug|Any CPU.Build.0 = Debug|Any CPU
		{ED485F6D-C911-4AD2-B2DE-3FEDF14B134C}.Release|Any CPU.ActiveCfg = Release|Any CPU
		{ED485F6D-C911-4AD2-B2DE-3FEDF14B134C}.Release|Any CPU.Build.0 = Release|Any CPU
		{B164BB34-504E-4AA3-9EA8-C306FAD5F878}.Debug|Any CPU.ActiveCfg = Debug|Any CPU
		{B164BB34-504E-4AA3-9EA8-C306FAD5F878}.Debug|Any CPU.Build.0 = Debug|Any CPU
		{B164BB34-504E-4AA3-9EA8-C306FAD5F878}.Release|Any CPU.ActiveCfg = Release|Any CPU
		{B164BB34-504E-4AA3-9EA8-C306FAD5F878}.Release|Any CPU.Build.0 = Release|Any CPU
		{3919EC13-17FB-49D1-A561-D4399440E947}.Debug|Any CPU.ActiveCfg = Debug|Any CPU
		{3919EC13-17FB-49D1-A561-D4399440E947}.Debug|Any CPU.Build.0 = Debug|Any CPU
		{3919EC13-17FB-49D1-A561-D4399440E947}.Release|Any CPU.ActiveCfg = Release|Any CPU
		{3919EC13-17FB-49D1-A561-D4399440E947}.Release|Any CPU.Build.0 = Release|Any CPU
		{37E7DC37-CAB3-4BB7-BF3A-17AA54623A6C}.Debug|Any CPU.ActiveCfg = Debug|Any CPU
		{37E7DC37-CAB3-4BB7-BF3A-17AA54623A6C}.Debug|Any CPU.Build.0 = Debug|Any CPU
		{37E7DC37-CAB3-4BB7-BF3A-17AA54623A6C}.Release|Any CPU.ActiveCfg = Release|Any CPU
		{37E7DC37-CAB3-4BB7-BF3A-17AA54623A6C}.Release|Any CPU.Build.0 = Release|Any CPU
		{730A7E32-9CF2-4086-80BC-093E4B80A840}.Debug|Any CPU.ActiveCfg = Debug|Any CPU
		{730A7E32-9CF2-4086-80BC-093E4B80A840}.Debug|Any CPU.Build.0 = Debug|Any CPU
		{730A7E32-9CF2-4086-80BC-093E4B80A840}.Release|Any CPU.ActiveCfg = Release|Any CPU
		{730A7E32-9CF2-4086-80BC-093E4B80A840}.Release|Any CPU.Build.0 = Release|Any CPU
		{ED7FC761-97DB-4F2C-AEA5-50B19986970F}.Debug|Any CPU.ActiveCfg = Debug|Any CPU
		{ED7FC761-97DB-4F2C-AEA5-50B19986970F}.Debug|Any CPU.Build.0 = Debug|Any CPU
		{ED7FC761-97DB-4F2C-AEA5-50B19986970F}.Release|Any CPU.ActiveCfg = Release|Any CPU
		{ED7FC761-97DB-4F2C-AEA5-50B19986970F}.Release|Any CPU.Build.0 = Release|Any CPU
		{21DD19F0-6D44-41D6-BA72-8EFFB2280925}.Debug|Any CPU.ActiveCfg = Debug|Any CPU
		{21DD19F0-6D44-41D6-BA72-8EFFB2280925}.Debug|Any CPU.Build.0 = Debug|Any CPU
		{21DD19F0-6D44-41D6-BA72-8EFFB2280925}.Release|Any CPU.ActiveCfg = Release|Any CPU
		{21DD19F0-6D44-41D6-BA72-8EFFB2280925}.Release|Any CPU.Build.0 = Release|Any CPU
		{A0673D91-7AE5-4491-8BB4-7DA7107D66F2}.Debug|Any CPU.ActiveCfg = Debug|Any CPU
		{A0673D91-7AE5-4491-8BB4-7DA7107D66F2}.Debug|Any CPU.Build.0 = Debug|Any CPU
		{A0673D91-7AE5-4491-8BB4-7DA7107D66F2}.Release|Any CPU.ActiveCfg = Release|Any CPU
		{A0673D91-7AE5-4491-8BB4-7DA7107D66F2}.Release|Any CPU.Build.0 = Release|Any CPU
		{B1BF126A-7D57-41DD-802A-FA5C682F319D}.Debug|Any CPU.ActiveCfg = Debug|Any CPU
		{B1BF126A-7D57-41DD-802A-FA5C682F319D}.Debug|Any CPU.Build.0 = Debug|Any CPU
		{B1BF126A-7D57-41DD-802A-FA5C682F319D}.Release|Any CPU.ActiveCfg = Release|Any CPU
		{B1BF126A-7D57-41DD-802A-FA5C682F319D}.Release|Any CPU.Build.0 = Release|Any CPU
	EndGlobalSection
	GlobalSection(SolutionProperties) = preSolution
		HideSolutionNode = FALSE
	EndGlobalSection
	GlobalSection(NestedProjects) = preSolution
		{454EEEDA-7688-49AE-8938-2652BA729E8C} = {A69A1539-D6ED-4691-B5BD-77EFE96DF98D}
		{D82ADC73-68BF-43F5-98C5-FE6D979514FF} = {4331F487-1D6A-44B7-B12A-07AD985904E5}
		{A4D4168D-177F-4629-83CA-DDFE8CBA04ED} = {F5332FAA-B311-40C3-877E-C7F5758C70FC}
		{DECC98A0-8939-4D26-AFF6-4E32BED8B444} = {4742B187-6C72-428F-AC43-136A0AF40938}
		{EF5C9BF6-D33F-4447-AACC-BEABCF368CB7} = {DECC98A0-8939-4D26-AFF6-4E32BED8B444}
		{ED351C13-B3BC-4EF0-A80D-1A05592FA665} = {DECC98A0-8939-4D26-AFF6-4E32BED8B444}
		{5FF9D9CF-B2C4-4CB7-A5D5-8EA257F7D75B} = {DECC98A0-8939-4D26-AFF6-4E32BED8B444}
		{6003016A-32D5-4E77-A8A8-BB08328610E3} = {DECC98A0-8939-4D26-AFF6-4E32BED8B444}
		{ED485F6D-C911-4AD2-B2DE-3FEDF14B134C} = {EF5C9BF6-D33F-4447-AACC-BEABCF368CB7}
		{B164BB34-504E-4AA3-9EA8-C306FAD5F878} = {5FF9D9CF-B2C4-4CB7-A5D5-8EA257F7D75B}
		{3919EC13-17FB-49D1-A561-D4399440E947} = {6003016A-32D5-4E77-A8A8-BB08328610E3}
		{37E7DC37-CAB3-4BB7-BF3A-17AA54623A6C} = {ED351C13-B3BC-4EF0-A80D-1A05592FA665}
		{5882CB9A-4DA5-4B86-BACD-EE32A3ED020F} = {4742B187-6C72-428F-AC43-136A0AF40938}
		{76BC594A-166C-480D-87B7-7D17E4B7E0AB} = {5882CB9A-4DA5-4B86-BACD-EE32A3ED020F}
		{3F4A77D8-4779-4F8E-9552-CB78CA5B2D99} = {5882CB9A-4DA5-4B86-BACD-EE32A3ED020F}
		{D6943ED4-7E5D-463F-82A1-836940E1B661} = {5882CB9A-4DA5-4B86-BACD-EE32A3ED020F}
		{E835C9DD-E1B4-4C12-9969-5BA8FB49146B} = {5882CB9A-4DA5-4B86-BACD-EE32A3ED020F}
		{730A7E32-9CF2-4086-80BC-093E4B80A840} = {76BC594A-166C-480D-87B7-7D17E4B7E0AB}
		{ED7FC761-97DB-4F2C-AEA5-50B19986970F} = {3F4A77D8-4779-4F8E-9552-CB78CA5B2D99}
		{21DD19F0-6D44-41D6-BA72-8EFFB2280925} = {D6943ED4-7E5D-463F-82A1-836940E1B661}
		{A0673D91-7AE5-4491-8BB4-7DA7107D66F2} = {E835C9DD-E1B4-4C12-9969-5BA8FB49146B}
		{B1BF126A-7D57-41DD-802A-FA5C682F319D} = {8F2C8F4E-2314-43F4-85BC-4F16155D1041}
	EndGlobalSection
	GlobalSection(ExtensibilityGlobals) = postSolution
		SolutionGuid = {A0B70AE8-653C-4D01-A7BA-C8454CE9C68A}
	EndGlobalSection
EndGlobal
